// !$*UTF8*$!
{
	archiveVersion = 1;
	classes = {
	};
	objectVersion = 56;
	objects = {

/* Begin PBXBuildFile section */
		3E0673D72AB0224A00F58832 /* ProPublicaAPI.swift in Sources */ = {isa = PBXBuildFile; fileRef = 3E0673D62AB0224A00F58832 /* ProPublicaAPI.swift */; };
		3E0673E12AB0EBEB00F58832 /* Owlette_AppTests.swift in Sources */ = {isa = PBXBuildFile; fileRef = 3E0673E02AB0EBEB00F58832 /* Owlette_AppTests.swift */; };
		3E3DF2AF2A96F48D007B8877 /* MembersViewController.swift in Sources */ = {isa = PBXBuildFile; fileRef = 3E3DF2AE2A96F48D007B8877 /* MembersViewController.swift */; };
		3E3DF2B12A96F4BB007B8877 /* ViewController2.swift in Sources */ = {isa = PBXBuildFile; fileRef = 3E3DF2B02A96F4BB007B8877 /* ViewController2.swift */; };
		3E3DF2B32A96F4DB007B8877 /* ViewController3.swift in Sources */ = {isa = PBXBuildFile; fileRef = 3E3DF2B22A96F4DB007B8877 /* ViewController3.swift */; };
		3ECDB6C02AB40BFF00A68AD8 /* ProMembersModel.swift in Sources */ = {isa = PBXBuildFile; fileRef = 3ECDB6BF2AB40BFF00A68AD8 /* ProMembersModel.swift */; };
		3ECDB6C22AB40C7100A68AD8 /* ProBillsModel.swift in Sources */ = {isa = PBXBuildFile; fileRef = 3ECDB6C12AB40C7100A68AD8 /* ProBillsModel.swift */; };
		3ECDB6C52AB40C8D00A68AD8 /* ProVotesModel.swift in Sources */ = {isa = PBXBuildFile; fileRef = 3ECDB6C42AB40C8D00A68AD8 /* ProVotesModel.swift */; };
		3ECDB6C72AB9450400A68AD8 /* CongressGovAPI.swift in Sources */ = {isa = PBXBuildFile; fileRef = 3ECDB6C62AB9450400A68AD8 /* CongressGovAPI.swift */; };
		3ECDB6C92AB9487500A68AD8 /* CGMembersModel.swift in Sources */ = {isa = PBXBuildFile; fileRef = 3ECDB6C82AB9487500A68AD8 /* CGMembersModel.swift */; };
		3ECDB7162ABE54C300A68AD8 /* MemberView.swift in Sources */ = {isa = PBXBuildFile; fileRef = 3ECDB7152ABE54C300A68AD8 /* MemberView.swift */; };
		3ECDB7182ABE5B2B00A68AD8 /* StatesModel.swift in Sources */ = {isa = PBXBuildFile; fileRef = 3ECDB7172ABE5B2B00A68AD8 /* StatesModel.swift */; };
		3ECDB71A2ABEB88C00A68AD8 /* ProMembersStateModel.swift in Sources */ = {isa = PBXBuildFile; fileRef = 3ECDB7192ABEB88C00A68AD8 /* ProMembersStateModel.swift */; };
		3EDAFD4C2A845C5800A2C276 /* AppDelegate.swift in Sources */ = {isa = PBXBuildFile; fileRef = 3EDAFD4B2A845C5800A2C276 /* AppDelegate.swift */; };
		3EDAFD4E2A845C5800A2C276 /* SceneDelegate.swift in Sources */ = {isa = PBXBuildFile; fileRef = 3EDAFD4D2A845C5800A2C276 /* SceneDelegate.swift */; };
		3EDAFD502A845C5800A2C276 /* MainTabBarViewController.swift in Sources */ = {isa = PBXBuildFile; fileRef = 3EDAFD4F2A845C5800A2C276 /* MainTabBarViewController.swift */; };
		3EDAFD552A845C5C00A2C276 /* Assets.xcassets in Resources */ = {isa = PBXBuildFile; fileRef = 3EDAFD542A845C5C00A2C276 /* Assets.xcassets */; };
		3EDAFD582A845C5C00A2C276 /* LaunchScreen.storyboard in Resources */ = {isa = PBXBuildFile; fileRef = 3EDAFD562A845C5C00A2C276 /* LaunchScreen.storyboard */; };
/* End PBXBuildFile section */

/* Begin PBXContainerItemProxy section */
		3E0673E22AB0EBEB00F58832 /* PBXContainerItemProxy */ = {
			isa = PBXContainerItemProxy;
			containerPortal = 3EDAFD402A845C5800A2C276 /* Project object */;
			proxyType = 1;
			remoteGlobalIDString = 3EDAFD472A845C5800A2C276;
			remoteInfo = "Owlette-App";
		};
/* End PBXContainerItemProxy section */

/* Begin PBXFileReference section */
		3E0673D52AB01B2700F58832 /* Config.xcconfig */ = {isa = PBXFileReference; lastKnownFileType = text.xcconfig; path = Config.xcconfig; sourceTree = "<group>"; };
		3E0673D62AB0224A00F58832 /* ProPublicaAPI.swift */ = {isa = PBXFileReference; lastKnownFileType = sourcecode.swift; path = ProPublicaAPI.swift; sourceTree = "<group>"; };
		3E0673DE2AB0EBEB00F58832 /* Owlette-AppTests.xctest */ = {isa = PBXFileReference; explicitFileType = wrapper.cfbundle; includeInIndex = 0; path = "Owlette-AppTests.xctest"; sourceTree = BUILT_PRODUCTS_DIR; };
		3E0673E02AB0EBEB00F58832 /* Owlette_AppTests.swift */ = {isa = PBXFileReference; lastKnownFileType = sourcecode.swift; path = Owlette_AppTests.swift; sourceTree = "<group>"; };
		3E3DF2AE2A96F48D007B8877 /* MembersViewController.swift */ = {isa = PBXFileReference; lastKnownFileType = sourcecode.swift; path = MembersViewController.swift; sourceTree = "<group>"; };
		3E3DF2B02A96F4BB007B8877 /* ViewController2.swift */ = {isa = PBXFileReference; lastKnownFileType = sourcecode.swift; path = ViewController2.swift; sourceTree = "<group>"; };
		3E3DF2B22A96F4DB007B8877 /* ViewController3.swift */ = {isa = PBXFileReference; lastKnownFileType = sourcecode.swift; path = ViewController3.swift; sourceTree = "<group>"; };
		3ECDB6BF2AB40BFF00A68AD8 /* ProMembersModel.swift */ = {isa = PBXFileReference; lastKnownFileType = sourcecode.swift; path = ProMembersModel.swift; sourceTree = "<group>"; };
		3ECDB6C12AB40C7100A68AD8 /* ProBillsModel.swift */ = {isa = PBXFileReference; lastKnownFileType = sourcecode.swift; path = ProBillsModel.swift; sourceTree = "<group>"; };
		3ECDB6C42AB40C8D00A68AD8 /* ProVotesModel.swift */ = {isa = PBXFileReference; lastKnownFileType = sourcecode.swift; path = ProVotesModel.swift; sourceTree = "<group>"; };
		3ECDB6C62AB9450400A68AD8 /* CongressGovAPI.swift */ = {isa = PBXFileReference; lastKnownFileType = sourcecode.swift; path = CongressGovAPI.swift; sourceTree = "<group>"; };
		3ECDB6C82AB9487500A68AD8 /* CGMembersModel.swift */ = {isa = PBXFileReference; lastKnownFileType = sourcecode.swift; path = CGMembersModel.swift; sourceTree = "<group>"; };
		3ECDB7152ABE54C300A68AD8 /* MemberView.swift */ = {isa = PBXFileReference; lastKnownFileType = sourcecode.swift; path = MemberView.swift; sourceTree = "<group>"; };
		3ECDB7172ABE5B2B00A68AD8 /* StatesModel.swift */ = {isa = PBXFileReference; lastKnownFileType = sourcecode.swift; path = StatesModel.swift; sourceTree = "<group>"; };
		3ECDB7192ABEB88C00A68AD8 /* ProMembersStateModel.swift */ = {isa = PBXFileReference; lastKnownFileType = sourcecode.swift; path = ProMembersStateModel.swift; sourceTree = "<group>"; };
		3EDAFD482A845C5800A2C276 /* Owlette-App.app */ = {isa = PBXFileReference; explicitFileType = wrapper.application; includeInIndex = 0; path = "Owlette-App.app"; sourceTree = BUILT_PRODUCTS_DIR; };
		3EDAFD4B2A845C5800A2C276 /* AppDelegate.swift */ = {isa = PBXFileReference; lastKnownFileType = sourcecode.swift; path = AppDelegate.swift; sourceTree = "<group>"; };
		3EDAFD4D2A845C5800A2C276 /* SceneDelegate.swift */ = {isa = PBXFileReference; lastKnownFileType = sourcecode.swift; path = SceneDelegate.swift; sourceTree = "<group>"; };
		3EDAFD4F2A845C5800A2C276 /* MainTabBarViewController.swift */ = {isa = PBXFileReference; lastKnownFileType = sourcecode.swift; path = MainTabBarViewController.swift; sourceTree = "<group>"; };
		3EDAFD542A845C5C00A2C276 /* Assets.xcassets */ = {isa = PBXFileReference; lastKnownFileType = folder.assetcatalog; path = Assets.xcassets; sourceTree = "<group>"; };
		3EDAFD572A845C5C00A2C276 /* Base */ = {isa = PBXFileReference; lastKnownFileType = file.storyboard; name = Base; path = Base.lproj/LaunchScreen.storyboard; sourceTree = "<group>"; };
		3EDAFD592A845C5C00A2C276 /* Info.plist */ = {isa = PBXFileReference; lastKnownFileType = text.plist.xml; path = Info.plist; sourceTree = "<group>"; };
/* End PBXFileReference section */

/* Begin PBXFrameworksBuildPhase section */
		3E0673DB2AB0EBEB00F58832 /* Frameworks */ = {
			isa = PBXFrameworksBuildPhase;
			buildActionMask = 2147483647;
			files = (
			);
			runOnlyForDeploymentPostprocessing = 0;
		};
		3EDAFD452A845C5800A2C276 /* Frameworks */ = {
			isa = PBXFrameworksBuildPhase;
			buildActionMask = 2147483647;
			files = (
			);
			runOnlyForDeploymentPostprocessing = 0;
		};
/* End PBXFrameworksBuildPhase section */

/* Begin PBXGroup section */
		3E0673DF2AB0EBEB00F58832 /* Owlette-AppTests */ = {
			isa = PBXGroup;
			children = (
				3E0673E02AB0EBEB00F58832 /* Owlette_AppTests.swift */,
			);
			path = "Owlette-AppTests";
			sourceTree = "<group>";
		};
		3ECDB6CA2ABAD5F800A68AD8 /* NetworkServices */ = {
			isa = PBXGroup;
			children = (
				3ECDB6C62AB9450400A68AD8 /* CongressGovAPI.swift */,
				3E0673D62AB0224A00F58832 /* ProPublicaAPI.swift */,
			);
			path = NetworkServices;
			sourceTree = "<group>";
		};
		3ECDB6CB2ABAD64400A68AD8 /* Models */ = {
			isa = PBXGroup;
			children = (
				3ECDB6BF2AB40BFF00A68AD8 /* ProMembersModel.swift */,
				3ECDB6C12AB40C7100A68AD8 /* ProBillsModel.swift */,
				3ECDB6C42AB40C8D00A68AD8 /* ProVotesModel.swift */,
				3ECDB6C82AB9487500A68AD8 /* CGMembersModel.swift */,
				3ECDB7172ABE5B2B00A68AD8 /* StatesModel.swift */,
				3ECDB7192ABEB88C00A68AD8 /* ProMembersStateModel.swift */,
			);
			path = Models;
			sourceTree = "<group>";
		};
		3ECDB6CC2ABAD66500A68AD8 /* Controllers */ = {
			isa = PBXGroup;
			children = (
				3EDAFD4F2A845C5800A2C276 /* MainTabBarViewController.swift */,
				3E3DF2AE2A96F48D007B8877 /* MembersViewController.swift */,
				3E3DF2B02A96F4BB007B8877 /* ViewController2.swift */,
				3E3DF2B22A96F4DB007B8877 /* ViewController3.swift */,
			);
			path = Controllers;
			sourceTree = "<group>";
		};
		3ECDB6CD2ABAD6B700A68AD8 /* SupportinFiles */ = {
			isa = PBXGroup;
			children = (
				3EDAFD4B2A845C5800A2C276 /* AppDelegate.swift */,
				3EDAFD4D2A845C5800A2C276 /* SceneDelegate.swift */,
			);
			path = SupportinFiles;
			sourceTree = "<group>";
		};
		3ECDB7142ABE549600A68AD8 /* Views */ = {
			isa = PBXGroup;
			children = (
				3ECDB7152ABE54C300A68AD8 /* MemberView.swift */,
			);
			path = Views;
			sourceTree = "<group>";
		};
		3EDAFD3F2A845C5800A2C276 = {
			isa = PBXGroup;
			children = (
				3EDAFD4A2A845C5800A2C276 /* Owlette-App */,
				3E0673DF2AB0EBEB00F58832 /* Owlette-AppTests */,
				3EDAFD492A845C5800A2C276 /* Products */,
			);
			sourceTree = "<group>";
		};
		3EDAFD492A845C5800A2C276 /* Products */ = {
			isa = PBXGroup;
			children = (
				3EDAFD482A845C5800A2C276 /* Owlette-App.app */,
				3E0673DE2AB0EBEB00F58832 /* Owlette-AppTests.xctest */,
			);
			name = Products;
			sourceTree = "<group>";
		};
		3EDAFD4A2A845C5800A2C276 /* Owlette-App */ = {
			isa = PBXGroup;
			children = (
				3ECDB6CD2ABAD6B700A68AD8 /* SupportinFiles */,
				3ECDB7142ABE549600A68AD8 /* Views */,
				3ECDB6CC2ABAD66500A68AD8 /* Controllers */,
				3ECDB6CB2ABAD64400A68AD8 /* Models */,
				3ECDB6CA2ABAD5F800A68AD8 /* NetworkServices */,
				3EDAFD542A845C5C00A2C276 /* Assets.xcassets */,
				3EDAFD562A845C5C00A2C276 /* LaunchScreen.storyboard */,
				3EDAFD592A845C5C00A2C276 /* Info.plist */,
				3E0673D52AB01B2700F58832 /* Config.xcconfig */,
			);
			path = "Owlette-App";
			sourceTree = "<group>";
		};
/* End PBXGroup section */

/* Begin PBXNativeTarget section */
		3E0673DD2AB0EBEB00F58832 /* Owlette-AppTests */ = {
			isa = PBXNativeTarget;
			buildConfigurationList = 3E0673E42AB0EBEB00F58832 /* Build configuration list for PBXNativeTarget "Owlette-AppTests" */;
			buildPhases = (
				3E0673DA2AB0EBEB00F58832 /* Sources */,
				3E0673DB2AB0EBEB00F58832 /* Frameworks */,
				3E0673DC2AB0EBEB00F58832 /* Resources */,
			);
			buildRules = (
			);
			dependencies = (
				3E0673E32AB0EBEB00F58832 /* PBXTargetDependency */,
			);
			name = "Owlette-AppTests";
			productName = "Owlette-AppTests";
			productReference = 3E0673DE2AB0EBEB00F58832 /* Owlette-AppTests.xctest */;
			productType = "com.apple.product-type.bundle.unit-test";
		};
		3EDAFD472A845C5800A2C276 /* Owlette-App */ = {
			isa = PBXNativeTarget;
			buildConfigurationList = 3EDAFD5C2A845C5C00A2C276 /* Build configuration list for PBXNativeTarget "Owlette-App" */;
			buildPhases = (
				3EDAFD442A845C5800A2C276 /* Sources */,
				3EDAFD452A845C5800A2C276 /* Frameworks */,
				3EDAFD462A845C5800A2C276 /* Resources */,
			);
			buildRules = (
			);
			dependencies = (
			);
			name = "Owlette-App";
			productName = "Owlette-App";
			productReference = 3EDAFD482A845C5800A2C276 /* Owlette-App.app */;
			productType = "com.apple.product-type.application";
		};
/* End PBXNativeTarget section */

/* Begin PBXProject section */
		3EDAFD402A845C5800A2C276 /* Project object */ = {
			isa = PBXProject;
			attributes = {
				BuildIndependentTargetsInParallel = 1;
				LastSwiftUpdateCheck = 1430;
				LastUpgradeCheck = 1430;
				TargetAttributes = {
					3E0673DD2AB0EBEB00F58832 = {
						CreatedOnToolsVersion = 14.3.1;
						TestTargetID = 3EDAFD472A845C5800A2C276;
					};
					3EDAFD472A845C5800A2C276 = {
						CreatedOnToolsVersion = 14.3.1;
					};
				};
			};
			buildConfigurationList = 3EDAFD432A845C5800A2C276 /* Build configuration list for PBXProject "Owlette-App" */;
			compatibilityVersion = "Xcode 14.0";
			developmentRegion = en;
			hasScannedForEncodings = 0;
			knownRegions = (
				en,
				Base,
			);
			mainGroup = 3EDAFD3F2A845C5800A2C276;
			productRefGroup = 3EDAFD492A845C5800A2C276 /* Products */;
			projectDirPath = "";
			projectRoot = "";
			targets = (
				3EDAFD472A845C5800A2C276 /* Owlette-App */,
				3E0673DD2AB0EBEB00F58832 /* Owlette-AppTests */,
			);
		};
/* End PBXProject section */

/* Begin PBXResourcesBuildPhase section */
		3E0673DC2AB0EBEB00F58832 /* Resources */ = {
			isa = PBXResourcesBuildPhase;
			buildActionMask = 2147483647;
			files = (
			);
			runOnlyForDeploymentPostprocessing = 0;
		};
		3EDAFD462A845C5800A2C276 /* Resources */ = {
			isa = PBXResourcesBuildPhase;
			buildActionMask = 2147483647;
			files = (
				3EDAFD582A845C5C00A2C276 /* LaunchScreen.storyboard in Resources */,
				3EDAFD552A845C5C00A2C276 /* Assets.xcassets in Resources */,
			);
			runOnlyForDeploymentPostprocessing = 0;
		};
/* End PBXResourcesBuildPhase section */

/* Begin PBXSourcesBuildPhase section */
		3E0673DA2AB0EBEB00F58832 /* Sources */ = {
			isa = PBXSourcesBuildPhase;
			buildActionMask = 2147483647;
			files = (
				3E0673E12AB0EBEB00F58832 /* Owlette_AppTests.swift in Sources */,
			);
			runOnlyForDeploymentPostprocessing = 0;
		};
		3EDAFD442A845C5800A2C276 /* Sources */ = {
			isa = PBXSourcesBuildPhase;
			buildActionMask = 2147483647;
			files = (
				3ECDB7162ABE54C300A68AD8 /* MemberView.swift in Sources */,
				3ECDB7182ABE5B2B00A68AD8 /* StatesModel.swift in Sources */,
				3E3DF2B12A96F4BB007B8877 /* ViewController2.swift in Sources */,
				3E3DF2AF2A96F48D007B8877 /* MembersViewController.swift in Sources */,
				3E3DF2B32A96F4DB007B8877 /* ViewController3.swift in Sources */,
				3ECDB6C52AB40C8D00A68AD8 /* ProVotesModel.swift in Sources */,
				3ECDB71A2ABEB88C00A68AD8 /* ProMembersStateModel.swift in Sources */,
				3E0673D72AB0224A00F58832 /* ProPublicaAPI.swift in Sources */,
				3ECDB6C92AB9487500A68AD8 /* CGMembersModel.swift in Sources */,
				3ECDB6C72AB9450400A68AD8 /* CongressGovAPI.swift in Sources */,
				3EDAFD502A845C5800A2C276 /* MainTabBarViewController.swift in Sources */,
				3ECDB6C22AB40C7100A68AD8 /* ProBillsModel.swift in Sources */,
				3EDAFD4C2A845C5800A2C276 /* AppDelegate.swift in Sources */,
				3ECDB6C02AB40BFF00A68AD8 /* ProMembersModel.swift in Sources */,
				3EDAFD4E2A845C5800A2C276 /* SceneDelegate.swift in Sources */,
			);
			runOnlyForDeploymentPostprocessing = 0;
		};
/* End PBXSourcesBuildPhase section */

/* Begin PBXTargetDependency section */
		3E0673E32AB0EBEB00F58832 /* PBXTargetDependency */ = {
			isa = PBXTargetDependency;
			target = 3EDAFD472A845C5800A2C276 /* Owlette-App */;
			targetProxy = 3E0673E22AB0EBEB00F58832 /* PBXContainerItemProxy */;
		};
/* End PBXTargetDependency section */

/* Begin PBXVariantGroup section */
		3EDAFD562A845C5C00A2C276 /* LaunchScreen.storyboard */ = {
			isa = PBXVariantGroup;
			children = (
				3EDAFD572A845C5C00A2C276 /* Base */,
			);
			name = LaunchScreen.storyboard;
			sourceTree = "<group>";
		};
/* End PBXVariantGroup section */

/* Begin XCBuildConfiguration section */
		3E0673E52AB0EBEB00F58832 /* Debug */ = {
			isa = XCBuildConfiguration;
			buildSettings = {
				BUNDLE_LOADER = "$(TEST_HOST)";
				CODE_SIGN_STYLE = Automatic;
				CURRENT_PROJECT_VERSION = 1;
				GENERATE_INFOPLIST_FILE = YES;
				IPHONEOS_DEPLOYMENT_TARGET = 16.4;
				MACOSX_DEPLOYMENT_TARGET = 13.3;
				MARKETING_VERSION = 1.0;
				PRODUCT_BUNDLE_IDENTIFIER = "JuanTheProducer.Owlette-AppTests";
				PRODUCT_NAME = "$(TARGET_NAME)";
				SDKROOT = auto;
				SUPPORTED_PLATFORMS = "iphoneos iphonesimulator macosx";
				SWIFT_EMIT_LOC_STRINGS = NO;
				SWIFT_VERSION = 5.0;
				TARGETED_DEVICE_FAMILY = "1,2";
				TEST_HOST = "$(BUILT_PRODUCTS_DIR)/Owlette-App.app/$(BUNDLE_EXECUTABLE_FOLDER_PATH)/Owlette-App";
			};
			name = Debug;
		};
		3E0673E62AB0EBEB00F58832 /* Release */ = {
			isa = XCBuildConfiguration;
			buildSettings = {
				BUNDLE_LOADER = "$(TEST_HOST)";
				CODE_SIGN_STYLE = Automatic;
				CURRENT_PROJECT_VERSION = 1;
				GENERATE_INFOPLIST_FILE = YES;
				IPHONEOS_DEPLOYMENT_TARGET = 16.4;
				MACOSX_DEPLOYMENT_TARGET = 13.3;
				MARKETING_VERSION = 1.0;
				PRODUCT_BUNDLE_IDENTIFIER = "JuanTheProducer.Owlette-AppTests";
				PRODUCT_NAME = "$(TARGET_NAME)";
				SDKROOT = auto;
				SUPPORTED_PLATFORMS = "iphoneos iphonesimulator macosx";
				SWIFT_EMIT_LOC_STRINGS = NO;
				SWIFT_VERSION = 5.0;
				TARGETED_DEVICE_FAMILY = "1,2";
				TEST_HOST = "$(BUILT_PRODUCTS_DIR)/Owlette-App.app/$(BUNDLE_EXECUTABLE_FOLDER_PATH)/Owlette-App";
			};
			name = Release;
		};
		3EDAFD5A2A845C5C00A2C276 /* Debug */ = {
			isa = XCBuildConfiguration;
			baseConfigurationReference = 3E0673D52AB01B2700F58832 /* Config.xcconfig */;
			buildSettings = {
				ALWAYS_SEARCH_USER_PATHS = NO;
				CLANG_ANALYZER_NONNULL = YES;
				CLANG_ANALYZER_NUMBER_OBJECT_CONVERSION = YES_AGGRESSIVE;
				CLANG_CXX_LANGUAGE_STANDARD = "gnu++20";
				CLANG_ENABLE_MODULES = YES;
				CLANG_ENABLE_OBJC_ARC = YES;
				CLANG_ENABLE_OBJC_WEAK = YES;
				CLANG_WARN_BLOCK_CAPTURE_AUTORELEASING = YES;
				CLANG_WARN_BOOL_CONVERSION = YES;
				CLANG_WARN_COMMA = YES;
				CLANG_WARN_CONSTANT_CONVERSION = YES;
				CLANG_WARN_DEPRECATED_OBJC_IMPLEMENTATIONS = YES;
				CLANG_WARN_DIRECT_OBJC_ISA_USAGE = YES_ERROR;
				CLANG_WARN_DOCUMENTATION_COMMENTS = YES;
				CLANG_WARN_EMPTY_BODY = YES;
				CLANG_WARN_ENUM_CONVERSION = YES;
				CLANG_WARN_INFINITE_RECURSION = YES;
				CLANG_WARN_INT_CONVERSION = YES;
				CLANG_WARN_NON_LITERAL_NULL_CONVERSION = YES;
				CLANG_WARN_OBJC_IMPLICIT_RETAIN_SELF = YES;
				CLANG_WARN_OBJC_LITERAL_CONVERSION = YES;
				CLANG_WARN_OBJC_ROOT_CLASS = YES_ERROR;
				CLANG_WARN_QUOTED_INCLUDE_IN_FRAMEWORK_HEADER = YES;
				CLANG_WARN_RANGE_LOOP_ANALYSIS = YES;
				CLANG_WARN_STRICT_PROTOTYPES = YES;
				CLANG_WARN_SUSPICIOUS_MOVE = YES;
				CLANG_WARN_UNGUARDED_AVAILABILITY = YES_AGGRESSIVE;
				CLANG_WARN_UNREACHABLE_CODE = YES;
				CLANG_WARN__DUPLICATE_METHOD_MATCH = YES;
				COPY_PHASE_STRIP = NO;
				DEBUG_INFORMATION_FORMAT = dwarf;
				ENABLE_STRICT_OBJC_MSGSEND = YES;
				ENABLE_TESTABILITY = YES;
				GCC_C_LANGUAGE_STANDARD = gnu11;
				GCC_DYNAMIC_NO_PIC = NO;
				GCC_NO_COMMON_BLOCKS = YES;
				GCC_OPTIMIZATION_LEVEL = 0;
				GCC_PREPROCESSOR_DEFINITIONS = (
					"DEBUG=1",
					"$(inherited)",
				);
				GCC_WARN_64_TO_32_BIT_CONVERSION = YES;
				GCC_WARN_ABOUT_RETURN_TYPE = YES_ERROR;
				GCC_WARN_UNDECLARED_SELECTOR = YES;
				GCC_WARN_UNINITIALIZED_AUTOS = YES_AGGRESSIVE;
				GCC_WARN_UNUSED_FUNCTION = YES;
				GCC_WARN_UNUSED_VARIABLE = YES;
				IPHONEOS_DEPLOYMENT_TARGET = 16.4;
				MTL_ENABLE_DEBUG_INFO = INCLUDE_SOURCE;
				MTL_FAST_MATH = YES;
				ONLY_ACTIVE_ARCH = YES;
				SDKROOT = iphoneos;
				SWIFT_ACTIVE_COMPILATION_CONDITIONS = DEBUG;
				SWIFT_OPTIMIZATION_LEVEL = "-Onone";
			};
			name = Debug;
		};
		3EDAFD5B2A845C5C00A2C276 /* Release */ = {
			isa = XCBuildConfiguration;
			baseConfigurationReference = 3E0673D52AB01B2700F58832 /* Config.xcconfig */;
			buildSettings = {
				ALWAYS_SEARCH_USER_PATHS = NO;
				CLANG_ANALYZER_NONNULL = YES;
				CLANG_ANALYZER_NUMBER_OBJECT_CONVERSION = YES_AGGRESSIVE;
				CLANG_CXX_LANGUAGE_STANDARD = "gnu++20";
				CLANG_ENABLE_MODULES = YES;
				CLANG_ENABLE_OBJC_ARC = YES;
				CLANG_ENABLE_OBJC_WEAK = YES;
				CLANG_WARN_BLOCK_CAPTURE_AUTORELEASING = YES;
				CLANG_WARN_BOOL_CONVERSION = YES;
				CLANG_WARN_COMMA = YES;
				CLANG_WARN_CONSTANT_CONVERSION = YES;
				CLANG_WARN_DEPRECATED_OBJC_IMPLEMENTATIONS = YES;
				CLANG_WARN_DIRECT_OBJC_ISA_USAGE = YES_ERROR;
				CLANG_WARN_DOCUMENTATION_COMMENTS = YES;
				CLANG_WARN_EMPTY_BODY = YES;
				CLANG_WARN_ENUM_CONVERSION = YES;
				CLANG_WARN_INFINITE_RECURSION = YES;
				CLANG_WARN_INT_CONVERSION = YES;
				CLANG_WARN_NON_LITERAL_NULL_CONVERSION = YES;
				CLANG_WARN_OBJC_IMPLICIT_RETAIN_SELF = YES;
				CLANG_WARN_OBJC_LITERAL_CONVERSION = YES;
				CLANG_WARN_OBJC_ROOT_CLASS = YES_ERROR;
				CLANG_WARN_QUOTED_INCLUDE_IN_FRAMEWORK_HEADER = YES;
				CLANG_WARN_RANGE_LOOP_ANALYSIS = YES;
				CLANG_WARN_STRICT_PROTOTYPES = YES;
				CLANG_WARN_SUSPICIOUS_MOVE = YES;
				CLANG_WARN_UNGUARDED_AVAILABILITY = YES_AGGRESSIVE;
				CLANG_WARN_UNREACHABLE_CODE = YES;
				CLANG_WARN__DUPLICATE_METHOD_MATCH = YES;
				COPY_PHASE_STRIP = NO;
				DEBUG_INFORMATION_FORMAT = "dwarf-with-dsym";
				ENABLE_NS_ASSERTIONS = NO;
				ENABLE_STRICT_OBJC_MSGSEND = YES;
				GCC_C_LANGUAGE_STANDARD = gnu11;
				GCC_NO_COMMON_BLOCKS = YES;
				GCC_WARN_64_TO_32_BIT_CONVERSION = YES;
				GCC_WARN_ABOUT_RETURN_TYPE = YES_ERROR;
				GCC_WARN_UNDECLARED_SELECTOR = YES;
				GCC_WARN_UNINITIALIZED_AUTOS = YES_AGGRESSIVE;
				GCC_WARN_UNUSED_FUNCTION = YES;
				GCC_WARN_UNUSED_VARIABLE = YES;
				IPHONEOS_DEPLOYMENT_TARGET = 16.4;
				MTL_ENABLE_DEBUG_INFO = NO;
				MTL_FAST_MATH = YES;
				SDKROOT = iphoneos;
				SWIFT_COMPILATION_MODE = wholemodule;
				SWIFT_OPTIMIZATION_LEVEL = "-O";
				VALIDATE_PRODUCT = YES;
			};
			name = Release;
		};
		3EDAFD5D2A845C5C00A2C276 /* Debug */ = {
			isa = XCBuildConfiguration;
			buildSettings = {
				ASSETCATALOG_COMPILER_APPICON_NAME = AppIcon;
				ASSETCATALOG_COMPILER_GLOBAL_ACCENT_COLOR_NAME = AccentColor;
				CODE_SIGN_STYLE = Automatic;
				CURRENT_PROJECT_VERSION = 1;
				DEVELOPMENT_TEAM = 26RHXP32FH;
				GENERATE_INFOPLIST_FILE = YES;
				INFOPLIST_FILE = "Owlette-App/Info.plist";
				INFOPLIST_KEY_UIApplicationSupportsIndirectInputEvents = YES;
				INFOPLIST_KEY_UILaunchStoryboardName = LaunchScreen;
				INFOPLIST_KEY_UISupportedInterfaceOrientations_iPad = "UIInterfaceOrientationPortrait UIInterfaceOrientationPortraitUpsideDown UIInterfaceOrientationLandscapeLeft UIInterfaceOrientationLandscapeRight";
				INFOPLIST_KEY_UISupportedInterfaceOrientations_iPhone = "UIInterfaceOrientationPortrait UIInterfaceOrientationLandscapeLeft UIInterfaceOrientationLandscapeRight";
				LD_RUNPATH_SEARCH_PATHS = (
					"$(inherited)",
					"@executable_path/Frameworks",
				);
				MARKETING_VERSION = 1.0;
				PRODUCT_BUNDLE_IDENTIFIER = "JuanTheProducer.Owlette-App";
				PRODUCT_NAME = "$(TARGET_NAME)";
				SWIFT_EMIT_LOC_STRINGS = YES;
				SWIFT_VERSION = 5.0;
				TARGETED_DEVICE_FAMILY = "1,2";
			};
			name = Debug;
		};
		3EDAFD5E2A845C5C00A2C276 /* Release */ = {
			isa = XCBuildConfiguration;
			buildSettings = {
				ASSETCATALOG_COMPILER_APPICON_NAME = AppIcon;
				ASSETCATALOG_COMPILER_GLOBAL_ACCENT_COLOR_NAME = AccentColor;
				CODE_SIGN_STYLE = Automatic;
				CURRENT_PROJECT_VERSION = 1;
				DEVELOPMENT_TEAM = 26RHXP32FH;
				GENERATE_INFOPLIST_FILE = YES;
				INFOPLIST_FILE = "Owlette-App/Info.plist";
				INFOPLIST_KEY_UIApplicationSupportsIndirectInputEvents = YES;
				INFOPLIST_KEY_UILaunchStoryboardName = LaunchScreen;
				INFOPLIST_KEY_UISupportedInterfaceOrientations_iPad = "UIInterfaceOrientationPortrait UIInterfaceOrientationPortraitUpsideDown UIInterfaceOrientationLandscapeLeft UIInterfaceOrientationLandscapeRight";
				INFOPLIST_KEY_UISupportedInterfaceOrientations_iPhone = "UIInterfaceOrientationPortrait UIInterfaceOrientationLandscapeLeft UIInterfaceOrientationLandscapeRight";
				LD_RUNPATH_SEARCH_PATHS = (
					"$(inherited)",
					"@executable_path/Frameworks",
				);
				MARKETING_VERSION = 1.0;
				PRODUCT_BUNDLE_IDENTIFIER = "JuanTheProducer.Owlette-App";
				PRODUCT_NAME = "$(TARGET_NAME)";
				SWIFT_EMIT_LOC_STRINGS = YES;
				SWIFT_VERSION = 5.0;
				TARGETED_DEVICE_FAMILY = "1,2";
			};
			name = Release;
		};
/* End XCBuildConfiguration section */

/* Begin XCConfigurationList section */
		3E0673E42AB0EBEB00F58832 /* Build configuration list for PBXNativeTarget "Owlette-AppTests" */ = {
			isa = XCConfigurationList;
			buildConfigurations = (
				3E0673E52AB0EBEB00F58832 /* Debug */,
				3E0673E62AB0EBEB00F58832 /* Release */,
			);
			defaultConfigurationIsVisible = 0;
			defaultConfigurationName = Release;
		};
		3EDAFD432A845C5800A2C276 /* Build configuration list for PBXProject "Owlette-App" */ = {
			isa = XCConfigurationList;
			buildConfigurations = (
				3EDAFD5A2A845C5C00A2C276 /* Debug */,
				3EDAFD5B2A845C5C00A2C276 /* Release */,
			);
			defaultConfigurationIsVisible = 0;
			defaultConfigurationName = Release;
		};
		3EDAFD5C2A845C5C00A2C276 /* Build configuration list for PBXNativeTarget "Owlette-App" */ = {
			isa = XCConfigurationList;
			buildConfigurations = (
				3EDAFD5D2A845C5C00A2C276 /* Debug */,
				3EDAFD5E2A845C5C00A2C276 /* Release */,
			);
			defaultConfigurationIsVisible = 0;
			defaultConfigurationName = Release;
		};
/* End XCConfigurationList section */
	};
	rootObject = 3EDAFD402A845C5800A2C276 /* Project object */;
}
